{
  "requires": true,
  "lockfileVersion": 1,
  "dependencies": {
    "animate.css": {
      "version": "3.7.2",
      "resolved": "https://registry.npmjs.org/animate.css/-/animate.css-3.7.2.tgz",
      "integrity": "sha512-0bE8zYo7C0KvgOYrSVfrzkbYk6IOTVPNqkiHg2cbyF4Pq/PXzilz4BRWA3hwEUBoMp5VBgrC29lQIZyhRWdBTw=="
    },
    "bounce.js": {
      "version": "0.8.2",
      "resolved": "https://registry.npmjs.org/bounce.js/-/bounce.js-0.8.2.tgz",
      "integrity": "sha1-Pp684lPnK0L0F4tcgdtIU41nSoM="
    },
    "magic.css": {
      "version": "1.4.1",
      "resolved": "https://registry.npmjs.org/magic.css/-/magic.css-1.4.1.tgz",
      "integrity": "sha512-65bZgDcG/P78/epfnnFFXUj68BUsJMEQziluldHh8g89loadCePynZPUg3Ft7NnWpsz/FiooUPgTJNU59+tofw=="
    }
  }
}
